// !$*UTF8*$!
{
	archiveVersion = 1;
	classes = {
	};
	objectVersion = 77;
	objects = {

/* Begin PBXBuildFile section */
		8A8EEC2D2F0723FA007171EF /* Factory in Frameworks */ = {isa = PBXBuildFile; productRef = 8A8EEC2C2F0723FA007171EF /* Factory */; };
		8A8EEC2F2F0723FA007171EF /* FactoryTesting in Frameworks */ = {isa = PBXBuildFile; productRef = 8A8EEC2E2F0723FA007171EF /* FactoryTesting */; };
		8A9BCD902EA81445004C413A /* Shared.xcconfig in Resources */ = {isa = PBXBuildFile; fileRef = 8A9BCD8F2EA81445004C413A /* Shared.xcconfig */; };
/* End PBXBuildFile section */

/* Begin PBXContainerItemProxy section */
		847C33D82E24017700B265E0 /* PBXContainerItemProxy */ = {
			isa = PBXContainerItemProxy;
			containerPortal = 847C33BE2E24017600B265E0 /* Project object */;
			proxyType = 1;
			remoteGlobalIDString = 847C33C52E24017600B265E0;
			remoteInfo = bridge;
		};
		847C33E22E24017700B265E0 /* PBXContainerItemProxy */ = {
			isa = PBXContainerItemProxy;
			containerPortal = 847C33BE2E24017600B265E0 /* Project object */;
			proxyType = 1;
			remoteGlobalIDString = 847C33C52E24017600B265E0;
			remoteInfo = bridge;
		};
/* End PBXContainerItemProxy section */

/* Begin PBXFileReference section */
		847C33C62E24017600B265E0 /* McBridgerDev.app */ = {isa = PBXFileReference; explicitFileType = wrapper.application; includeInIndex = 0; path = McBridgerDev.app; sourceTree = BUILT_PRODUCTS_DIR; };
		847C33D72E24017700B265E0 /* McBridgerTests.xctest */ = {isa = PBXFileReference; explicitFileType = wrapper.cfbundle; includeInIndex = 0; path = McBridgerTests.xctest; sourceTree = BUILT_PRODUCTS_DIR; };
		847C33E12E24017700B265E0 /* McBridgerUITests.xctest */ = {isa = PBXFileReference; explicitFileType = wrapper.cfbundle; includeInIndex = 0; path = McBridgerUITests.xctest; sourceTree = BUILT_PRODUCTS_DIR; };
		8A9BCD8F2EA81445004C413A /* Shared.xcconfig */ = {isa = PBXFileReference; lastKnownFileType = text.xcconfig; path = Shared.xcconfig; sourceTree = "<group>"; };
/* End PBXFileReference section */

/* Begin PBXFileSystemSynchronizedBuildFileExceptionSet section */
		8A9BCD942EA964E9004C413A /* Exceptions for "McBridger" folder in "McBridger" target */ = {
			isa = PBXFileSystemSynchronizedBuildFileExceptionSet;
			membershipExceptions = (
				Info.plist,
			);
			target = 847C33C52E24017600B265E0 /* McBridger */;
		};
		8AB612A72F0C578200B48866 /* Exceptions for "McBridger" folder in "McBridgerUITests" target */ = {
			isa = PBXFileSystemSynchronizedBuildFileExceptionSet;
			membershipExceptions = (
				Models/TransferMessage.swift,
				Tests/TestUtils.swift,
				"Utils/Data+Hex.swift",
			);
			target = 847C33E02E24017700B265E0 /* McBridgerUITests */;
		};
/* End PBXFileSystemSynchronizedBuildFileExceptionSet section */

/* Begin PBXFileSystemSynchronizedRootGroup section */
		847C33C82E24017600B265E0 /* McBridger */ = {
			isa = PBXFileSystemSynchronizedRootGroup;
			exceptions = (
				8A9BCD942EA964E9004C413A /* Exceptions for "McBridger" folder in "McBridger" target */,
				8AB612A72F0C578200B48866 /* Exceptions for "McBridger" folder in "McBridgerUITests" target */,
			);
			path = McBridger;
			sourceTree = "<group>";
		};
		847C33DA2E24017700B265E0 /* McBridgerTests */ = {
			isa = PBXFileSystemSynchronizedRootGroup;
			path = McBridgerTests;
			sourceTree = "<group>";
		};
		847C33E42E24017700B265E0 /* McBridgerUITests */ = {
			isa = PBXFileSystemSynchronizedRootGroup;
			path = McBridgerUITests;
			sourceTree = "<group>";
		};
/* End PBXFileSystemSynchronizedRootGroup section */

/* Begin PBXFrameworksBuildPhase section */
		847C33C32E24017600B265E0 /* Frameworks */ = {
			isa = PBXFrameworksBuildPhase;
			buildActionMask = 2147483647;
			files = (
				8A8EEC2D2F0723FA007171EF /* Factory in Frameworks */,
			);
			runOnlyForDeploymentPostprocessing = 0;
		};
		847C33D42E24017700B265E0 /* Frameworks */ = {
			isa = PBXFrameworksBuildPhase;
			buildActionMask = 2147483647;
			files = (
				8A8EEC2F2F0723FA007171EF /* FactoryTesting in Frameworks */,
			);
			runOnlyForDeploymentPostprocessing = 0;
		};
		847C33DE2E24017700B265E0 /* Frameworks */ = {
			isa = PBXFrameworksBuildPhase;
			buildActionMask = 2147483647;
			files = (
			);
			runOnlyForDeploymentPostprocessing = 0;
		};
/* End PBXFrameworksBuildPhase section */

/* Begin PBXGroup section */
		847C33BD2E24017600B265E0 = {
			isa = PBXGroup;
			children = (
				847C33C82E24017600B265E0 /* McBridger */,
				847C33DA2E24017700B265E0 /* McBridgerTests */,
				847C33E42E24017700B265E0 /* McBridgerUITests */,
				847C33C72E24017600B265E0 /* Products */,
				8A9BCD8F2EA81445004C413A /* Shared.xcconfig */,
			);
			sourceTree = "<group>";
		};
		847C33C72E24017600B265E0 /* Products */ = {
			isa = PBXGroup;
			children = (
				847C33C62E24017600B265E0 /* McBridgerDev.app */,
				847C33D72E24017700B265E0 /* McBridgerTests.xctest */,
				847C33E12E24017700B265E0 /* McBridgerUITests.xctest */,
			);
			name = Products;
			sourceTree = "<group>";
		};
/* End PBXGroup section */

/* Begin PBXNativeTarget section */
		847C33C52E24017600B265E0 /* McBridger */ = {
			isa = PBXNativeTarget;
			buildConfigurationList = 847C33EB2E24017700B265E0 /* Build configuration list for PBXNativeTarget "McBridger" */;
			buildPhases = (
				847C33C22E24017600B265E0 /* Sources */,
				847C33C32E24017600B265E0 /* Frameworks */,
				847C33C42E24017600B265E0 /* Resources */,
			);
			buildRules = (
			);
			dependencies = (
			);
			fileSystemSynchronizedGroups = (
				847C33C82E24017600B265E0 /* McBridger */,
			);
			name = McBridger;
			packageProductDependencies = (
				8A8EEC2C2F0723FA007171EF /* Factory */,
			);
			productName = bridge;
			productReference = 847C33C62E24017600B265E0 /* McBridgerDev.app */;
			productType = "com.apple.product-type.application";
		};
		847C33D62E24017700B265E0 /* McBridgerTests */ = {
			isa = PBXNativeTarget;
			buildConfigurationList = 847C33EE2E24017700B265E0 /* Build configuration list for PBXNativeTarget "McBridgerTests" */;
			buildPhases = (
				847C33D32E24017700B265E0 /* Sources */,
				847C33D42E24017700B265E0 /* Frameworks */,
				847C33D52E24017700B265E0 /* Resources */,
			);
			buildRules = (
			);
			dependencies = (
				847C33D92E24017700B265E0 /* PBXTargetDependency */,
			);
			fileSystemSynchronizedGroups = (
				847C33DA2E24017700B265E0 /* McBridgerTests */,
			);
			name = McBridgerTests;
			packageProductDependencies = (
				8A8EEC2E2F0723FA007171EF /* FactoryTesting */,
			);
			productName = bridgeTests;
			productReference = 847C33D72E24017700B265E0 /* McBridgerTests.xctest */;
			productType = "com.apple.product-type.bundle.unit-test";
		};
		847C33E02E24017700B265E0 /* McBridgerUITests */ = {
			isa = PBXNativeTarget;
			buildConfigurationList = 847C33F12E24017700B265E0 /* Build configuration list for PBXNativeTarget "McBridgerUITests" */;
			buildPhases = (
				847C33DD2E24017700B265E0 /* Sources */,
				847C33DE2E24017700B265E0 /* Frameworks */,
				847C33DF2E24017700B265E0 /* Resources */,
			);
			buildRules = (
			);
			dependencies = (
				847C33E32E24017700B265E0 /* PBXTargetDependency */,
			);
			fileSystemSynchronizedGroups = (
				847C33E42E24017700B265E0 /* McBridgerUITests */,
			);
			name = McBridgerUITests;
			packageProductDependencies = (
			);
			productName = bridgeUITests;
			productReference = 847C33E12E24017700B265E0 /* McBridgerUITests.xctest */;
			productType = "com.apple.product-type.bundle.ui-testing";
		};
/* End PBXNativeTarget section */

/* Begin PBXProject section */
		847C33BE2E24017600B265E0 /* Project object */ = {
			isa = PBXProject;
			attributes = {
				BuildIndependentTargetsInParallel = 1;
				LastSwiftUpdateCheck = 1620;
				LastUpgradeCheck = 1620;
				TargetAttributes = {
					847C33C52E24017600B265E0 = {
						CreatedOnToolsVersion = 16.2;
					};
					847C33D62E24017700B265E0 = {
						CreatedOnToolsVersion = 16.2;
						TestTargetID = 847C33C52E24017600B265E0;
					};
					847C33E02E24017700B265E0 = {
						CreatedOnToolsVersion = 16.2;
						TestTargetID = 847C33C52E24017600B265E0;
					};
				};
			};
			buildConfigurationList = 847C33C12E24017600B265E0 /* Build configuration list for PBXProject "McBridger" */;
			developmentRegion = en;
			hasScannedForEncodings = 0;
			knownRegions = (
				en,
				Base,
			);
			mainGroup = 847C33BD2E24017600B265E0;
			minimizedProjectReferenceProxies = 1;
			packageReferences = (
				8A8EEC2B2F0723FA007171EF /* XCRemoteSwiftPackageReference "Factory" */,
			);
			preferredProjectObjectVersion = 77;
			productRefGroup = 847C33C72E24017600B265E0 /* Products */;
			projectDirPath = "";
			projectRoot = "";
			targets = (
				847C33C52E24017600B265E0 /* McBridger */,
				847C33D62E24017700B265E0 /* McBridgerTests */,
				847C33E02E24017700B265E0 /* McBridgerUITests */,
			);
		};
/* End PBXProject section */

/* Begin PBXResourcesBuildPhase section */
		847C33C42E24017600B265E0 /* Resources */ = {
			isa = PBXResourcesBuildPhase;
			buildActionMask = 2147483647;
			files = (
				8A9BCD902EA81445004C413A /* Shared.xcconfig in Resources */,
			);
			runOnlyForDeploymentPostprocessing = 0;
		};
		847C33D52E24017700B265E0 /* Resources */ = {
			isa = PBXResourcesBuildPhase;
			buildActionMask = 2147483647;
			files = (
			);
			runOnlyForDeploymentPostprocessing = 0;
		};
		847C33DF2E24017700B265E0 /* Resources */ = {
			isa = PBXResourcesBuildPhase;
			buildActionMask = 2147483647;
			files = (
			);
			runOnlyForDeploymentPostprocessing = 0;
		};
/* End PBXResourcesBuildPhase section */

/* Begin PBXSourcesBuildPhase section */
		847C33C22E24017600B265E0 /* Sources */ = {
			isa = PBXSourcesBuildPhase;
			buildActionMask = 2147483647;
			files = (
			);
			runOnlyForDeploymentPostprocessing = 0;
		};
		847C33D32E24017700B265E0 /* Sources */ = {
			isa = PBXSourcesBuildPhase;
			buildActionMask = 2147483647;
			files = (
			);
			runOnlyForDeploymentPostprocessing = 0;
		};
		847C33DD2E24017700B265E0 /* Sources */ = {
			isa = PBXSourcesBuildPhase;
			buildActionMask = 2147483647;
			files = (
			);
			runOnlyForDeploymentPostprocessing = 0;
		};
/* End PBXSourcesBuildPhase section */

/* Begin PBXTargetDependency section */
		847C33D92E24017700B265E0 /* PBXTargetDependency */ = {
			isa = PBXTargetDependency;
			target = 847C33C52E24017600B265E0 /* McBridger */;
			targetProxy = 847C33D82E24017700B265E0 /* PBXContainerItemProxy */;
		};
		847C33E32E24017700B265E0 /* PBXTargetDependency */ = {
			isa = PBXTargetDependency;
			target = 847C33C52E24017600B265E0 /* McBridger */;
			targetProxy = 847C33E22E24017700B265E0 /* PBXContainerItemProxy */;
		};
/* End PBXTargetDependency section */

/* Begin XCBuildConfiguration section */
		847C33E92E24017700B265E0 /* Debug */ = {
			isa = XCBuildConfiguration;
			baseConfigurationReference = 8A9BCD8F2EA81445004C413A /* Shared.xcconfig */;
			buildSettings = {
				ALWAYS_SEARCH_USER_PATHS = NO;
				ASSETCATALOG_COMPILER_GENERATE_SWIFT_ASSET_SYMBOL_EXTENSIONS = YES;
				CLANG_ANALYZER_NONNULL = YES;
				CLANG_ANALYZER_NUMBER_OBJECT_CONVERSION = YES_AGGRESSIVE;
				CLANG_CXX_LANGUAGE_STANDARD = "gnu++20";
				CLANG_ENABLE_MODULES = YES;
				CLANG_ENABLE_OBJC_ARC = YES;
				CLANG_ENABLE_OBJC_WEAK = YES;
				CLANG_WARN_BLOCK_CAPTURE_AUTORELEASING = YES;
				CLANG_WARN_BOOL_CONVERSION = YES;
				CLANG_WARN_COMMA = YES;
				CLANG_WARN_CONSTANT_CONVERSION = YES;
				CLANG_WARN_DEPRECATED_OBJC_IMPLEMENTATIONS = YES;
				CLANG_WARN_DIRECT_OBJC_ISA_USAGE = YES_ERROR;
				CLANG_WARN_DOCUMENTATION_COMMENTS = YES;
				CLANG_WARN_EMPTY_BODY = YES;
				CLANG_WARN_ENUM_CONVERSION = YES;
				CLANG_WARN_INFINITE_RECURSION = YES;
				CLANG_WARN_INT_CONVERSION = YES;
				CLANG_WARN_NON_LITERAL_NULL_CONVERSION = YES;
				CLANG_WARN_OBJC_IMPLICIT_RETAIN_SELF = YES;
				CLANG_WARN_OBJC_LITERAL_CONVERSION = YES;
				CLANG_WARN_OBJC_ROOT_CLASS = YES_ERROR;
				CLANG_WARN_QUOTED_INCLUDE_IN_FRAMEWORK_HEADER = YES;
				CLANG_WARN_RANGE_LOOP_ANALYSIS = YES;
				CLANG_WARN_STRICT_PROTOTYPES = YES;
				CLANG_WARN_SUSPICIOUS_MOVE = YES;
				CLANG_WARN_UNGUARDED_AVAILABILITY = YES_AGGRESSIVE;
				CLANG_WARN_UNREACHABLE_CODE = YES;
				CLANG_WARN__DUPLICATE_METHOD_MATCH = YES;
				COPY_PHASE_STRIP = NO;
				DEBUG_INFORMATION_FORMAT = dwarf;
				ENABLE_STRICT_OBJC_MSGSEND = YES;
				ENABLE_TESTABILITY = YES;
				ENABLE_USER_SCRIPT_SANDBOXING = YES;
				GCC_C_LANGUAGE_STANDARD = gnu17;
				GCC_DYNAMIC_NO_PIC = NO;
				GCC_NO_COMMON_BLOCKS = YES;
				GCC_OPTIMIZATION_LEVEL = 0;
				GCC_PREPROCESSOR_DEFINITIONS = (
					"DEBUG=1",
					"$(inherited)",
				);
				GCC_WARN_64_TO_32_BIT_CONVERSION = YES;
				GCC_WARN_ABOUT_RETURN_TYPE = YES_ERROR;
				GCC_WARN_UNDECLARED_SELECTOR = YES;
				GCC_WARN_UNINITIALIZED_AUTOS = YES_AGGRESSIVE;
				GCC_WARN_UNUSED_FUNCTION = YES;
				GCC_WARN_UNUSED_VARIABLE = YES;
				INFOPLIST_KEY_LSUIElement = NO;
				LOCALIZATION_PREFERS_STRING_CATALOGS = YES;
				MACOSX_DEPLOYMENT_TARGET = 14.6;
				MTL_ENABLE_DEBUG_INFO = INCLUDE_SOURCE;
				MTL_FAST_MATH = YES;
				ONLY_ACTIVE_ARCH = YES;
				SDKROOT = macosx;
				SWIFT_ACTIVE_COMPILATION_CONDITIONS = "DEBUG $(inherited)";
				SWIFT_OPTIMIZATION_LEVEL = "-Onone";
			};
			name = Debug;
		};
		847C33EA2E24017700B265E0 /* Release */ = {
			isa = XCBuildConfiguration;
			baseConfigurationReference = 8A9BCD8F2EA81445004C413A /* Shared.xcconfig */;
			buildSettings = {
				ALWAYS_SEARCH_USER_PATHS = NO;
				ASSETCATALOG_COMPILER_GENERATE_SWIFT_ASSET_SYMBOL_EXTENSIONS = YES;
				CLANG_ANALYZER_NONNULL = YES;
				CLANG_ANALYZER_NUMBER_OBJECT_CONVERSION = YES_AGGRESSIVE;
				CLANG_CXX_LANGUAGE_STANDARD = "gnu++20";
				CLANG_ENABLE_MODULES = YES;
				CLANG_ENABLE_OBJC_ARC = YES;
				CLANG_ENABLE_OBJC_WEAK = YES;
				CLANG_WARN_BLOCK_CAPTURE_AUTORELEASING = YES;
				CLANG_WARN_BOOL_CONVERSION = YES;
				CLANG_WARN_COMMA = YES;
				CLANG_WARN_CONSTANT_CONVERSION = YES;
				CLANG_WARN_DEPRECATED_OBJC_IMPLEMENTATIONS = YES;
				CLANG_WARN_DIRECT_OBJC_ISA_USAGE = YES_ERROR;
				CLANG_WARN_DOCUMENTATION_COMMENTS = YES;
				CLANG_WARN_EMPTY_BODY = YES;
				CLANG_WARN_ENUM_CONVERSION = YES;
				CLANG_WARN_INFINITE_RECURSION = YES;
				CLANG_WARN_INT_CONVERSION = YES;
				CLANG_WARN_NON_LITERAL_NULL_CONVERSION = YES;
				CLANG_WARN_OBJC_IMPLICIT_RETAIN_SELF = YES;
				CLANG_WARN_OBJC_LITERAL_CONVERSION = YES;
				CLANG_WARN_OBJC_ROOT_CLASS = YES_ERROR;
				CLANG_WARN_QUOTED_INCLUDE_IN_FRAMEWORK_HEADER = YES;
				CLANG_WARN_RANGE_LOOP_ANALYSIS = YES;
				CLANG_WARN_STRICT_PROTOTYPES = YES;
				CLANG_WARN_SUSPICIOUS_MOVE = YES;
				CLANG_WARN_UNGUARDED_AVAILABILITY = YES_AGGRESSIVE;
				CLANG_WARN_UNREACHABLE_CODE = YES;
				CLANG_WARN__DUPLICATE_METHOD_MATCH = YES;
				COPY_PHASE_STRIP = NO;
				DEBUG_INFORMATION_FORMAT = "dwarf-with-dsym";
				ENABLE_NS_ASSERTIONS = NO;
				ENABLE_STRICT_OBJC_MSGSEND = YES;
				ENABLE_USER_SCRIPT_SANDBOXING = YES;
				GCC_C_LANGUAGE_STANDARD = gnu17;
				GCC_NO_COMMON_BLOCKS = YES;
				GCC_WARN_64_TO_32_BIT_CONVERSION = YES;
				GCC_WARN_ABOUT_RETURN_TYPE = YES_ERROR;
				GCC_WARN_UNDECLARED_SELECTOR = YES;
				GCC_WARN_UNINITIALIZED_AUTOS = YES_AGGRESSIVE;
				GCC_WARN_UNUSED_FUNCTION = YES;
				GCC_WARN_UNUSED_VARIABLE = YES;
				INFOPLIST_KEY_LSUIElement = NO;
				LOCALIZATION_PREFERS_STRING_CATALOGS = YES;
				MACOSX_DEPLOYMENT_TARGET = 14.6;
				MTL_ENABLE_DEBUG_INFO = NO;
				MTL_FAST_MATH = YES;
				SDKROOT = macosx;
				SWIFT_COMPILATION_MODE = wholemodule;
			};
			name = Release;
		};
		847C33EC2E24017700B265E0 /* Debug */ = {
			isa = XCBuildConfiguration;
			buildSettings = {
				ASSETCATALOG_COMPILER_APPICON_NAME = AppIcon;
				ASSETCATALOG_COMPILER_GLOBAL_ACCENT_COLOR_NAME = AccentColor;
				CODE_SIGN_ENTITLEMENTS = McBridger/McBridger.entitlements;
				"CODE_SIGN_IDENTITY[sdk=macosx*]" = "Apple Development";
				CODE_SIGN_STYLE = Automatic;
				COMBINE_HIDPI_IMAGES = YES;
				CURRENT_PROJECT_VERSION = 5;
				DEVELOPMENT_ASSET_PATHS = "\"McBridger/Preview Content\"";
				DEVELOPMENT_TEAM = 7MZ7Y7JHLP;
				ENABLE_APP_SANDBOX = YES;
				ENABLE_HARDENED_RUNTIME = YES;
				ENABLE_INCOMING_NETWORK_CONNECTIONS = YES;
				ENABLE_OUTGOING_NETWORK_CONNECTIONS = YES;
				ENABLE_PREVIEWS = YES;
				ENABLE_RESOURCE_ACCESS_AUDIO_INPUT = NO;
				ENABLE_RESOURCE_ACCESS_BLUETOOTH = NO;
				ENABLE_RESOURCE_ACCESS_CALENDARS = NO;
				ENABLE_RESOURCE_ACCESS_CAMERA = NO;
				ENABLE_RESOURCE_ACCESS_CONTACTS = NO;
				ENABLE_RESOURCE_ACCESS_LOCATION = NO;
				ENABLE_RESOURCE_ACCESS_PRINTING = NO;
				ENABLE_RESOURCE_ACCESS_USB = NO;
				GENERATE_INFOPLIST_FILE = YES;
				INFOPLIST_FILE = McBridger/Info.plist;
				INFOPLIST_KEY_LSUIElement = YES;
				INFOPLIST_KEY_NSBluetoothAlwaysUsageDescription = "This app use Bluetooth BLE to establish secure connection";
				INFOPLIST_KEY_NSHumanReadableCopyright = "";
				LD_RUNPATH_SEARCH_PATHS = (
					"$(inherited)",
					"@executable_path/../Frameworks",
				);
				MARKETING_VERSION = 1.0;
				PRODUCT_BUNDLE_IDENTIFIER = mc.bridger.dev;
				PRODUCT_NAME = McBridgerDev;
				SWIFT_EMIT_LOC_STRINGS = YES;
				SWIFT_VERSION = 5.0;
			};
			name = Debug;
		};
		847C33ED2E24017700B265E0 /* Release */ = {
			isa = XCBuildConfiguration;
			buildSettings = {
				ASSETCATALOG_COMPILER_APPICON_NAME = AppIcon;
				ASSETCATALOG_COMPILER_GLOBAL_ACCENT_COLOR_NAME = AccentColor;
				CODE_SIGN_ENTITLEMENTS = McBridger/McBridger.entitlements;
				"CODE_SIGN_IDENTITY[sdk=macosx*]" = "Developer ID Application";
				CODE_SIGN_STYLE = Manual;
				COMBINE_HIDPI_IMAGES = YES;
				CURRENT_PROJECT_VERSION = 5;
				DEVELOPMENT_ASSET_PATHS = "\"McBridger/Preview Content\"";
				DEVELOPMENT_TEAM = 7MZ7Y7JHLP;
				ENABLE_APP_SANDBOX = YES;
				ENABLE_HARDENED_RUNTIME = YES;
				ENABLE_INCOMING_NETWORK_CONNECTIONS = YES;
				ENABLE_OUTGOING_NETWORK_CONNECTIONS = YES;
				ENABLE_PREVIEWS = YES;
				ENABLE_RESOURCE_ACCESS_AUDIO_INPUT = NO;
				ENABLE_RESOURCE_ACCESS_BLUETOOTH = NO;
				ENABLE_RESOURCE_ACCESS_CALENDARS = NO;
				ENABLE_RESOURCE_ACCESS_CAMERA = NO;
				ENABLE_RESOURCE_ACCESS_CONTACTS = NO;
				ENABLE_RESOURCE_ACCESS_LOCATION = NO;
				ENABLE_RESOURCE_ACCESS_PRINTING = NO;
				ENABLE_RESOURCE_ACCESS_USB = NO;
				GENERATE_INFOPLIST_FILE = YES;
				INFOPLIST_FILE = McBridger/Info.plist;
				INFOPLIST_KEY_LSUIElement = YES;
				INFOPLIST_KEY_NSBluetoothAlwaysUsageDescription = "This app use Bluetooth BLE to establish secure connection";
				INFOPLIST_KEY_NSHumanReadableCopyright = "";
				LD_RUNPATH_SEARCH_PATHS = (
					"$(inherited)",
					"@executable_path/../Frameworks",
				);
				MARKETING_VERSION = 1.0;
				PRODUCT_BUNDLE_IDENTIFIER = mc.bridger;
				PRODUCT_NAME = McBridger;
				SWIFT_EMIT_LOC_STRINGS = YES;
				SWIFT_VERSION = 5.0;
			};
			name = Release;
		};
		847C33EF2E24017700B265E0 /* Debug */ = {
			isa = XCBuildConfiguration;
			buildSettings = {
				BUNDLE_LOADER = "$(TEST_HOST)";
				"CODE_SIGN_IDENTITY[sdk=macosx*]" = "Apple Development";
				CODE_SIGN_STYLE = Automatic;
				CURRENT_PROJECT_VERSION = 5;
				DEVELOPMENT_TEAM = 7MZ7Y7JHLP;
				GENERATE_INFOPLIST_FILE = YES;
				MACOSX_DEPLOYMENT_TARGET = 14.6;
				MARKETING_VERSION = 1.0;
				PRODUCT_BUNDLE_IDENTIFIER = bridge.bridgeTests;
				PRODUCT_NAME = "$(TARGET_NAME)";
				SWIFT_EMIT_LOC_STRINGS = NO;
				SWIFT_VERSION = 5.0;
				TEST_HOST = "$(BUILT_PRODUCTS_DIR)/McBridgerDev.app/$(BUNDLE_EXECUTABLE_FOLDER_PATH)/McBridgerDev";
			};
			name = Debug;
		};
		847C33F02E24017700B265E0 /* Release */ = {
			isa = XCBuildConfiguration;
			buildSettings = {
				BUNDLE_LOADER = "$(TEST_HOST)";
				"CODE_SIGN_IDENTITY[sdk=macosx*]" = "Apple Development";
				CODE_SIGN_STYLE = Automatic;
				CURRENT_PROJECT_VERSION = 5;
				DEVELOPMENT_TEAM = 7MZ7Y7JHLP;
				GENERATE_INFOPLIST_FILE = YES;
				MACOSX_DEPLOYMENT_TARGET = 14.6;
				MARKETING_VERSION = 1.0;
				PRODUCT_BUNDLE_IDENTIFIER = bridge.bridgeTests;
				PRODUCT_NAME = "$(TARGET_NAME)";
				SWIFT_EMIT_LOC_STRINGS = NO;
				SWIFT_VERSION = 5.0;
				TEST_HOST = "$(BUILT_PRODUCTS_DIR)/McBridgerDev.app/$(BUNDLE_EXECUTABLE_FOLDER_PATH)/McBridgerDev";
			};
			name = Release;
		};
		847C33F22E24017700B265E0 /* Debug */ = {
			isa = XCBuildConfiguration;
			buildSettings = {
				CODE_SIGN_STYLE = Automatic;
				CURRENT_PROJECT_VERSION = 5;
				DEVELOPMENT_TEAM = 7MZ7Y7JHLP;
				GENERATE_INFOPLIST_FILE = YES;
				MARKETING_VERSION = 1.0;
				PRODUCT_BUNDLE_IDENTIFIER = bridge.bridgeUITests;
				PRODUCT_NAME = "$(TARGET_NAME)";
				SWIFT_EMIT_LOC_STRINGS = NO;
				SWIFT_VERSION = 5.0;
				TEST_TARGET_NAME = McBridger;
			};
			name = Debug;
		};
		847C33F32E24017700B265E0 /* Release */ = {
			isa = XCBuildConfiguration;
			buildSettings = {
				CODE_SIGN_STYLE = Automatic;
				CURRENT_PROJECT_VERSION = 5;
				DEVELOPMENT_TEAM = 7MZ7Y7JHLP;
				GENERATE_INFOPLIST_FILE = YES;
				MARKETING_VERSION = 1.0;
				PRODUCT_BUNDLE_IDENTIFIER = bridge.bridgeUITests;
				PRODUCT_NAME = "$(TARGET_NAME)";
				SWIFT_EMIT_LOC_STRINGS = NO;
				SWIFT_VERSION = 5.0;
				TEST_TARGET_NAME = McBridger;
			};
			name = Release;
		};
/* End XCBuildConfiguration section */

/* Begin XCConfigurationList section */
		847C33C12E24017600B265E0 /* Build configuration list for PBXProject "McBridger" */ = {
			isa = XCConfigurationList;
			buildConfigurations = (
				847C33E92E24017700B265E0 /* Debug */,
				847C33EA2E24017700B265E0 /* Release */,
			);
			defaultConfigurationIsVisible = 0;
			defaultConfigurationName = Release;
		};
		847C33EB2E24017700B265E0 /* Build configuration list for PBXNativeTarget "McBridger" */ = {
			isa = XCConfigurationList;
			buildConfigurations = (
				847C33EC2E24017700B265E0 /* Debug */,
				847C33ED2E24017700B265E0 /* Release */,
			);
			defaultConfigurationIsVisible = 0;
			defaultConfigurationName = Release;
		};
		847C33EE2E24017700B265E0 /* Build configuration list for PBXNativeTarget "McBridgerTests" */ = {
			isa = XCConfigurationList;
			buildConfigurations = (
				847C33EF2E24017700B265E0 /* Debug */,
				847C33F02E24017700B265E0 /* Release */,
			);
			defaultConfigurationIsVisible = 0;
			defaultConfigurationName = Release;
		};
		847C33F12E24017700B265E0 /* Build configuration list for PBXNativeTarget "McBridgerUITests" */ = {
			isa = XCConfigurationList;
			buildConfigurations = (
				847C33F22E24017700B265E0 /* Debug */,
				847C33F32E24017700B265E0 /* Release */,
			);
			defaultConfigurationIsVisible = 0;
			defaultConfigurationName = Release;
		};
/* End XCConfigurationList section */

/* Begin XCRemoteSwiftPackageReference section */
		8A8EEC2B2F0723FA007171EF /* XCRemoteSwiftPackageReference "Factory" */ = {
			isa = XCRemoteSwiftPackageReference;
			repositoryURL = "https://github.com/hmlongco/Factory";
			requirement = {
				kind = upToNextMajorVersion;
				minimumVersion = 2.5.3;
			};
		};
/* End XCRemoteSwiftPackageReference section */

/* Begin XCSwiftPackageProductDependency section */
		8A8EEC2C2F0723FA007171EF /* Factory */ = {
			isa = XCSwiftPackageProductDependency;
			package = 8A8EEC2B2F0723FA007171EF /* XCRemoteSwiftPackageReference "Factory" */;
			productName = Factory;
		};
		8A8EEC2E2F0723FA007171EF /* FactoryTesting */ = {
			isa = XCSwiftPackageProductDependency;
			package = 8A8EEC2B2F0723FA007171EF /* XCRemoteSwiftPackageReference "Factory" */;
			productName = FactoryTesting;
		};
/* End XCSwiftPackageProductDependency section */
	};
	rootObject = 847C33BE2E24017600B265E0 /* Project object */;
}
