// !$*UTF8*$!
{
	archiveVersion = 1;
	classes = {
	};
	objectVersion = 77;
	objects = {

/* Begin PBXBuildFile section */
		8A9BCD902EA81445004C413A /* Shared.xcconfig in Resources */ = {isa = PBXBuildFile; fileRef = 8A9BCD8F2EA81445004C413A /* Shared.xcconfig */; };
		8AA76B9E2E957E800013FCA6 /* NotificationService in Frameworks */ = {isa = PBXBuildFile; productRef = 8AA76B9D2E957E800013FCA6 /* NotificationService */; };
		8AA76BA12E957E950013FCA6 /* ClipboardService in Frameworks */ = {isa = PBXBuildFile; productRef = 8AA76BA02E957E950013FCA6 /* ClipboardService */; };
		8AA76BA42E957EA30013FCA6 /* BluetoothService in Frameworks */ = {isa = PBXBuildFile; productRef = 8AA76BA32E957EA30013FCA6 /* BluetoothService */; };
		8AA76BA72E957EB00013FCA6 /* CoreModels in Frameworks */ = {isa = PBXBuildFile; productRef = 8AA76BA62E957EB00013FCA6 /* CoreModels */; };
/* End PBXBuildFile section */

/* Begin PBXContainerItemProxy section */
		847C33D82E24017700B265E0 /* PBXContainerItemProxy */ = {
			isa = PBXContainerItemProxy;
			containerPortal = 847C33BE2E24017600B265E0 /* Project object */;
			proxyType = 1;
			remoteGlobalIDString = 847C33C52E24017600B265E0;
			remoteInfo = bridge;
		};
		847C33E22E24017700B265E0 /* PBXContainerItemProxy */ = {
			isa = PBXContainerItemProxy;
			containerPortal = 847C33BE2E24017600B265E0 /* Project object */;
			proxyType = 1;
			remoteGlobalIDString = 847C33C52E24017600B265E0;
			remoteInfo = bridge;
		};
/* End PBXContainerItemProxy section */

/* Begin PBXFileReference section */
		847C33C62E24017600B265E0 /* McBridgerDev.app */ = {isa = PBXFileReference; explicitFileType = wrapper.application; includeInIndex = 0; path = McBridgerDev.app; sourceTree = BUILT_PRODUCTS_DIR; };
		847C33D72E24017700B265E0 /* bridgeTests.xctest */ = {isa = PBXFileReference; explicitFileType = wrapper.cfbundle; includeInIndex = 0; path = bridgeTests.xctest; sourceTree = BUILT_PRODUCTS_DIR; };
		847C33E12E24017700B265E0 /* bridgeUITests.xctest */ = {isa = PBXFileReference; explicitFileType = wrapper.cfbundle; includeInIndex = 0; path = bridgeUITests.xctest; sourceTree = BUILT_PRODUCTS_DIR; };
		8A9BCD8F2EA81445004C413A /* Shared.xcconfig */ = {isa = PBXFileReference; lastKnownFileType = text.xcconfig; path = Shared.xcconfig; sourceTree = "<group>"; };
/* End PBXFileReference section */

/* Begin PBXFileSystemSynchronizedBuildFileExceptionSet section */
		8A9BCD942EA964E9004C413A /* Exceptions for "bridge" folder in "bridge" target */ = {
			isa = PBXFileSystemSynchronizedBuildFileExceptionSet;
			membershipExceptions = (
				Info.plist,
			);
			target = 847C33C52E24017600B265E0 /* bridge */;
		};
/* End PBXFileSystemSynchronizedBuildFileExceptionSet section */

/* Begin PBXFileSystemSynchronizedRootGroup section */
		847C33C82E24017600B265E0 /* bridge */ = {
			isa = PBXFileSystemSynchronizedRootGroup;
			exceptions = (
				8A9BCD942EA964E9004C413A /* Exceptions for "bridge" folder in "bridge" target */,
			);
			path = bridge;
			sourceTree = "<group>";
		};
		847C33DA2E24017700B265E0 /* bridgeTests */ = {
			isa = PBXFileSystemSynchronizedRootGroup;
			path = bridgeTests;
			sourceTree = "<group>";
		};
		847C33E42E24017700B265E0 /* bridgeUITests */ = {
			isa = PBXFileSystemSynchronizedRootGroup;
			path = bridgeUITests;
			sourceTree = "<group>";
		};
/* End PBXFileSystemSynchronizedRootGroup section */

/* Begin PBXFrameworksBuildPhase section */
		847C33C32E24017600B265E0 /* Frameworks */ = {
			isa = PBXFrameworksBuildPhase;
			buildActionMask = 2147483647;
			files = (
				8AA76B9E2E957E800013FCA6 /* NotificationService in Frameworks */,
				8AA76BA12E957E950013FCA6 /* ClipboardService in Frameworks */,
				8AA76BA42E957EA30013FCA6 /* BluetoothService in Frameworks */,
				8AA76BA72E957EB00013FCA6 /* CoreModels in Frameworks */,
			);
			runOnlyForDeploymentPostprocessing = 0;
		};
		847C33D42E24017700B265E0 /* Frameworks */ = {
			isa = PBXFrameworksBuildPhase;
			buildActionMask = 2147483647;
			files = (
			);
			runOnlyForDeploymentPostprocessing = 0;
		};
		847C33DE2E24017700B265E0 /* Frameworks */ = {
			isa = PBXFrameworksBuildPhase;
			buildActionMask = 2147483647;
			files = (
			);
			runOnlyForDeploymentPostprocessing = 0;
		};
/* End PBXFrameworksBuildPhase section */

/* Begin PBXGroup section */
		847C33BD2E24017600B265E0 = {
			isa = PBXGroup;
			children = (
				847C33C82E24017600B265E0 /* bridge */,
				847C33DA2E24017700B265E0 /* bridgeTests */,
				847C33E42E24017700B265E0 /* bridgeUITests */,
				847C33C72E24017600B265E0 /* Products */,
				8A9BCD8F2EA81445004C413A /* Shared.xcconfig */,
			);
			sourceTree = "<group>";
		};
		847C33C72E24017600B265E0 /* Products */ = {
			isa = PBXGroup;
			children = (
				847C33C62E24017600B265E0 /* McBridgerDev.app */,
				847C33D72E24017700B265E0 /* bridgeTests.xctest */,
				847C33E12E24017700B265E0 /* bridgeUITests.xctest */,
			);
			name = Products;
			sourceTree = "<group>";
		};
/* End PBXGroup section */

/* Begin PBXNativeTarget section */
		847C33C52E24017600B265E0 /* bridge */ = {
			isa = PBXNativeTarget;
			buildConfigurationList = 847C33EB2E24017700B265E0 /* Build configuration list for PBXNativeTarget "bridge" */;
			buildPhases = (
				847C33C22E24017600B265E0 /* Sources */,
				847C33C32E24017600B265E0 /* Frameworks */,
				847C33C42E24017600B265E0 /* Resources */,
			);
			buildRules = (
			);
			dependencies = (
			);
			fileSystemSynchronizedGroups = (
				847C33C82E24017600B265E0 /* bridge */,
			);
			name = bridge;
			packageProductDependencies = (
				8AA76B9D2E957E800013FCA6 /* NotificationService */,
				8AA76BA02E957E950013FCA6 /* ClipboardService */,
				8AA76BA32E957EA30013FCA6 /* BluetoothService */,
				8AA76BA62E957EB00013FCA6 /* CoreModels */,
			);
			productName = bridge;
			productReference = 847C33C62E24017600B265E0 /* McBridgerDev.app */;
			productType = "com.apple.product-type.application";
		};
		847C33D62E24017700B265E0 /* bridgeTests */ = {
			isa = PBXNativeTarget;
			buildConfigurationList = 847C33EE2E24017700B265E0 /* Build configuration list for PBXNativeTarget "bridgeTests" */;
			buildPhases = (
				847C33D32E24017700B265E0 /* Sources */,
				847C33D42E24017700B265E0 /* Frameworks */,
				847C33D52E24017700B265E0 /* Resources */,
			);
			buildRules = (
			);
			dependencies = (
				847C33D92E24017700B265E0 /* PBXTargetDependency */,
			);
			fileSystemSynchronizedGroups = (
				847C33DA2E24017700B265E0 /* bridgeTests */,
			);
			name = bridgeTests;
			packageProductDependencies = (
			);
			productName = bridgeTests;
			productReference = 847C33D72E24017700B265E0 /* bridgeTests.xctest */;
			productType = "com.apple.product-type.bundle.unit-test";
		};
		847C33E02E24017700B265E0 /* bridgeUITests */ = {
			isa = PBXNativeTarget;
			buildConfigurationList = 847C33F12E24017700B265E0 /* Build configuration list for PBXNativeTarget "bridgeUITests" */;
			buildPhases = (
				847C33DD2E24017700B265E0 /* Sources */,
				847C33DE2E24017700B265E0 /* Frameworks */,
				847C33DF2E24017700B265E0 /* Resources */,
			);
			buildRules = (
			);
			dependencies = (
				847C33E32E24017700B265E0 /* PBXTargetDependency */,
			);
			fileSystemSynchronizedGroups = (
				847C33E42E24017700B265E0 /* bridgeUITests */,
			);
			name = bridgeUITests;
			packageProductDependencies = (
			);
			productName = bridgeUITests;
			productReference = 847C33E12E24017700B265E0 /* bridgeUITests.xctest */;
			productType = "com.apple.product-type.bundle.ui-testing";
		};
/* End PBXNativeTarget section */

/* Begin PBXProject section */
		847C33BE2E24017600B265E0 /* Project object */ = {
			isa = PBXProject;
			attributes = {
				BuildIndependentTargetsInParallel = 1;
				LastSwiftUpdateCheck = 1620;
				LastUpgradeCheck = 1620;
				TargetAttributes = {
					847C33C52E24017600B265E0 = {
						CreatedOnToolsVersion = 16.2;
					};
					847C33D62E24017700B265E0 = {
						CreatedOnToolsVersion = 16.2;
						TestTargetID = 847C33C52E24017600B265E0;
					};
					847C33E02E24017700B265E0 = {
						CreatedOnToolsVersion = 16.2;
						TestTargetID = 847C33C52E24017600B265E0;
					};
				};
			};
			buildConfigurationList = 847C33C12E24017600B265E0 /* Build configuration list for PBXProject "bridge" */;
			developmentRegion = en;
			hasScannedForEncodings = 0;
			knownRegions = (
				en,
				Base,
			);
			mainGroup = 847C33BD2E24017600B265E0;
			minimizedProjectReferenceProxies = 1;
			packageReferences = (
				8AA76B9C2E957E800013FCA6 /* XCLocalSwiftPackageReference "Packages/NotificationService" */,
				8AA76B9F2E957E950013FCA6 /* XCLocalSwiftPackageReference "Packages/ClipboardService" */,
				8AA76BA22E957EA30013FCA6 /* XCLocalSwiftPackageReference "Packages/BluetoothService" */,
				8AA76BA52E957EB00013FCA6 /* XCLocalSwiftPackageReference "Packages/CoreModels" */,
			);
			preferredProjectObjectVersion = 77;
			productRefGroup = 847C33C72E24017600B265E0 /* Products */;
			projectDirPath = "";
			projectRoot = "";
			targets = (
				847C33C52E24017600B265E0 /* bridge */,
				847C33D62E24017700B265E0 /* bridgeTests */,
				847C33E02E24017700B265E0 /* bridgeUITests */,
			);
		};
/* End PBXProject section */

/* Begin PBXResourcesBuildPhase section */
		847C33C42E24017600B265E0 /* Resources */ = {
			isa = PBXResourcesBuildPhase;
			buildActionMask = 2147483647;
			files = (
				8A9BCD902EA81445004C413A /* Shared.xcconfig in Resources */,
			);
			runOnlyForDeploymentPostprocessing = 0;
		};
		847C33D52E24017700B265E0 /* Resources */ = {
			isa = PBXResourcesBuildPhase;
			buildActionMask = 2147483647;
			files = (
			);
			runOnlyForDeploymentPostprocessing = 0;
		};
		847C33DF2E24017700B265E0 /* Resources */ = {
			isa = PBXResourcesBuildPhase;
			buildActionMask = 2147483647;
			files = (
			);
			runOnlyForDeploymentPostprocessing = 0;
		};
/* End PBXResourcesBuildPhase section */

/* Begin PBXSourcesBuildPhase section */
		847C33C22E24017600B265E0 /* Sources */ = {
			isa = PBXSourcesBuildPhase;
			buildActionMask = 2147483647;
			files = (
			);
			runOnlyForDeploymentPostprocessing = 0;
		};
		847C33D32E24017700B265E0 /* Sources */ = {
			isa = PBXSourcesBuildPhase;
			buildActionMask = 2147483647;
			files = (
			);
			runOnlyForDeploymentPostprocessing = 0;
		};
		847C33DD2E24017700B265E0 /* Sources */ = {
			isa = PBXSourcesBuildPhase;
			buildActionMask = 2147483647;
			files = (
			);
			runOnlyForDeploymentPostprocessing = 0;
		};
/* End PBXSourcesBuildPhase section */

/* Begin PBXTargetDependency section */
		847C33D92E24017700B265E0 /* PBXTargetDependency */ = {
			isa = PBXTargetDependency;
			target = 847C33C52E24017600B265E0 /* bridge */;
			targetProxy = 847C33D82E24017700B265E0 /* PBXContainerItemProxy */;
		};
		847C33E32E24017700B265E0 /* PBXTargetDependency */ = {
			isa = PBXTargetDependency;
			target = 847C33C52E24017600B265E0 /* bridge */;
			targetProxy = 847C33E22E24017700B265E0 /* PBXContainerItemProxy */;
		};
/* End PBXTargetDependency section */

/* Begin XCBuildConfiguration section */
		847C33E92E24017700B265E0 /* Debug */ = {
			isa = XCBuildConfiguration;
			baseConfigurationReference = 8A9BCD8F2EA81445004C413A /* Shared.xcconfig */;
			buildSettings = {
				ALWAYS_SEARCH_USER_PATHS = NO;
				ASSETCATALOG_COMPILER_GENERATE_SWIFT_ASSET_SYMBOL_EXTENSIONS = YES;
				CLANG_ANALYZER_NONNULL = YES;
				CLANG_ANALYZER_NUMBER_OBJECT_CONVERSION = YES_AGGRESSIVE;
				CLANG_CXX_LANGUAGE_STANDARD = "gnu++20";
				CLANG_ENABLE_MODULES = YES;
				CLANG_ENABLE_OBJC_ARC = YES;
				CLANG_ENABLE_OBJC_WEAK = YES;
				CLANG_WARN_BLOCK_CAPTURE_AUTORELEASING = YES;
				CLANG_WARN_BOOL_CONVERSION = YES;
				CLANG_WARN_COMMA = YES;
				CLANG_WARN_CONSTANT_CONVERSION = YES;
				CLANG_WARN_DEPRECATED_OBJC_IMPLEMENTATIONS = YES;
				CLANG_WARN_DIRECT_OBJC_ISA_USAGE = YES_ERROR;
				CLANG_WARN_DOCUMENTATION_COMMENTS = YES;
				CLANG_WARN_EMPTY_BODY = YES;
				CLANG_WARN_ENUM_CONVERSION = YES;
				CLANG_WARN_INFINITE_RECURSION = YES;
				CLANG_WARN_INT_CONVERSION = YES;
				CLANG_WARN_NON_LITERAL_NULL_CONVERSION = YES;
				CLANG_WARN_OBJC_IMPLICIT_RETAIN_SELF = YES;
				CLANG_WARN_OBJC_LITERAL_CONVERSION = YES;
				CLANG_WARN_OBJC_ROOT_CLASS = YES_ERROR;
				CLANG_WARN_QUOTED_INCLUDE_IN_FRAMEWORK_HEADER = YES;
				CLANG_WARN_RANGE_LOOP_ANALYSIS = YES;
				CLANG_WARN_STRICT_PROTOTYPES = YES;
				CLANG_WARN_SUSPICIOUS_MOVE = YES;
				CLANG_WARN_UNGUARDED_AVAILABILITY = YES_AGGRESSIVE;
				CLANG_WARN_UNREACHABLE_CODE = YES;
				CLANG_WARN__DUPLICATE_METHOD_MATCH = YES;
				COPY_PHASE_STRIP = NO;
				DEBUG_INFORMATION_FORMAT = dwarf;
				ENABLE_STRICT_OBJC_MSGSEND = YES;
				ENABLE_TESTABILITY = YES;
				ENABLE_USER_SCRIPT_SANDBOXING = YES;
				GCC_C_LANGUAGE_STANDARD = gnu17;
				GCC_DYNAMIC_NO_PIC = NO;
				GCC_NO_COMMON_BLOCKS = YES;
				GCC_OPTIMIZATION_LEVEL = 0;
				GCC_PREPROCESSOR_DEFINITIONS = (
					"DEBUG=1",
					"$(inherited)",
				);
				GCC_WARN_64_TO_32_BIT_CONVERSION = YES;
				GCC_WARN_ABOUT_RETURN_TYPE = YES_ERROR;
				GCC_WARN_UNDECLARED_SELECTOR = YES;
				GCC_WARN_UNINITIALIZED_AUTOS = YES_AGGRESSIVE;
				GCC_WARN_UNUSED_FUNCTION = YES;
				GCC_WARN_UNUSED_VARIABLE = YES;
				LOCALIZATION_PREFERS_STRING_CATALOGS = YES;
				MACOSX_DEPLOYMENT_TARGET = 14.6;
				MTL_ENABLE_DEBUG_INFO = INCLUDE_SOURCE;
				MTL_FAST_MATH = YES;
				ONLY_ACTIVE_ARCH = YES;
				SDKROOT = macosx;
				SWIFT_ACTIVE_COMPILATION_CONDITIONS = "DEBUG $(inherited)";
				SWIFT_OPTIMIZATION_LEVEL = "-Onone";
			};
			name = Debug;
		};
		847C33EA2E24017700B265E0 /* Release */ = {
			isa = XCBuildConfiguration;
			baseConfigurationReference = 8A9BCD8F2EA81445004C413A /* Shared.xcconfig */;
			buildSettings = {
				ALWAYS_SEARCH_USER_PATHS = NO;
				ASSETCATALOG_COMPILER_GENERATE_SWIFT_ASSET_SYMBOL_EXTENSIONS = YES;
				CLANG_ANALYZER_NONNULL = YES;
				CLANG_ANALYZER_NUMBER_OBJECT_CONVERSION = YES_AGGRESSIVE;
				CLANG_CXX_LANGUAGE_STANDARD = "gnu++20";
				CLANG_ENABLE_MODULES = YES;
				CLANG_ENABLE_OBJC_ARC = YES;
				CLANG_ENABLE_OBJC_WEAK = YES;
				CLANG_WARN_BLOCK_CAPTURE_AUTORELEASING = YES;
				CLANG_WARN_BOOL_CONVERSION = YES;
				CLANG_WARN_COMMA = YES;
				CLANG_WARN_CONSTANT_CONVERSION = YES;
				CLANG_WARN_DEPRECATED_OBJC_IMPLEMENTATIONS = YES;
				CLANG_WARN_DIRECT_OBJC_ISA_USAGE = YES_ERROR;
				CLANG_WARN_DOCUMENTATION_COMMENTS = YES;
				CLANG_WARN_EMPTY_BODY = YES;
				CLANG_WARN_ENUM_CONVERSION = YES;
				CLANG_WARN_INFINITE_RECURSION = YES;
				CLANG_WARN_INT_CONVERSION = YES;
				CLANG_WARN_NON_LITERAL_NULL_CONVERSION = YES;
				CLANG_WARN_OBJC_IMPLICIT_RETAIN_SELF = YES;
				CLANG_WARN_OBJC_LITERAL_CONVERSION = YES;
				CLANG_WARN_OBJC_ROOT_CLASS = YES_ERROR;
				CLANG_WARN_QUOTED_INCLUDE_IN_FRAMEWORK_HEADER = YES;
				CLANG_WARN_RANGE_LOOP_ANALYSIS = YES;
				CLANG_WARN_STRICT_PROTOTYPES = YES;
				CLANG_WARN_SUSPICIOUS_MOVE = YES;
				CLANG_WARN_UNGUARDED_AVAILABILITY = YES_AGGRESSIVE;
				CLANG_WARN_UNREACHABLE_CODE = YES;
				CLANG_WARN__DUPLICATE_METHOD_MATCH = YES;
				COPY_PHASE_STRIP = NO;
				DEBUG_INFORMATION_FORMAT = "dwarf-with-dsym";
				ENABLE_NS_ASSERTIONS = NO;
				ENABLE_STRICT_OBJC_MSGSEND = YES;
				ENABLE_USER_SCRIPT_SANDBOXING = YES;
				GCC_C_LANGUAGE_STANDARD = gnu17;
				GCC_NO_COMMON_BLOCKS = YES;
				GCC_WARN_64_TO_32_BIT_CONVERSION = YES;
				GCC_WARN_ABOUT_RETURN_TYPE = YES_ERROR;
				GCC_WARN_UNDECLARED_SELECTOR = YES;
				GCC_WARN_UNINITIALIZED_AUTOS = YES_AGGRESSIVE;
				GCC_WARN_UNUSED_FUNCTION = YES;
				GCC_WARN_UNUSED_VARIABLE = YES;
				LOCALIZATION_PREFERS_STRING_CATALOGS = YES;
				MACOSX_DEPLOYMENT_TARGET = 14.6;
				MTL_ENABLE_DEBUG_INFO = NO;
				MTL_FAST_MATH = YES;
				SDKROOT = macosx;
				SWIFT_COMPILATION_MODE = wholemodule;
				VERSIONING_SYSTEM = "apple-generic";
			};
			name = Release;
		};
		847C33EC2E24017700B265E0 /* Debug */ = {
			isa = XCBuildConfiguration;
			buildSettings = {
				ASSETCATALOG_COMPILER_APPICON_NAME = AppIcon;
				ASSETCATALOG_COMPILER_GLOBAL_ACCENT_COLOR_NAME = AccentColor;
				ASSETCATALOG_COMPILER_INCLUDE_ALL_APPICON_ASSETS = YES;
				CODE_SIGN_ENTITLEMENTS = bridge/bridge.entitlements;
				"CODE_SIGN_IDENTITY[sdk=macosx*]" = "Apple Development";
				CODE_SIGN_STYLE = Manual;
				COMBINE_HIDPI_IMAGES = YES;
				CURRENT_PROJECT_VERSION = 5;
				DEVELOPMENT_ASSET_PATHS = "\"bridge/Preview Content\"";
				DEVELOPMENT_TEAM = "";
				"DEVELOPMENT_TEAM[sdk=macosx*]" = 7MZ7Y7JHLP;
				ENABLE_HARDENED_RUNTIME = YES;
				ENABLE_PREVIEWS = YES;
				GENERATE_INFOPLIST_FILE = YES;
				INFOPLIST_FILE = bridge/Info.plist;
				INFOPLIST_KEY_LSUIElement = NO;
				INFOPLIST_KEY_NSBluetoothAlwaysUsageDescription = "This app needs to fondle the airwaves with its Bluetooth tentacles to find your gadgets.";
				INFOPLIST_KEY_NSHumanReadableCopyright = "";
				LD_RUNPATH_SEARCH_PATHS = (
					"$(inherited)",
					"@executable_path/../Frameworks",
				);
				MARKETING_VERSION = 1.0;
				PRODUCT_BUNDLE_IDENTIFIER = mc.bridger;
				PRODUCT_MODULE_NAME = "$(inherited)";
				PRODUCT_NAME = McBridgerDev;
				PROVISIONING_PROFILE_SPECIFIER = "";
				SWIFT_EMIT_LOC_STRINGS = YES;
				SWIFT_VERSION = 5.0;
			};
			name = Debug;
		};
		847C33ED2E24017700B265E0 /* Release */ = {
			isa = XCBuildConfiguration;
			buildSettings = {
				ASSETCATALOG_COMPILER_APPICON_NAME = AppIcon;
				ASSETCATALOG_COMPILER_GLOBAL_ACCENT_COLOR_NAME = AccentColor;
				ASSETCATALOG_COMPILER_INCLUDE_ALL_APPICON_ASSETS = YES;
				CODE_SIGN_ENTITLEMENTS = bridge/bridge.entitlements;
				"CODE_SIGN_IDENTITY[sdk=macosx*]" = "Developer ID Application";
				CODE_SIGN_STYLE = Manual;
				COMBINE_HIDPI_IMAGES = YES;
				CURRENT_PROJECT_VERSION = 5;
				DEVELOPMENT_ASSET_PATHS = "\"bridge/Preview Content\"";
				DEVELOPMENT_TEAM = "";
				"DEVELOPMENT_TEAM[sdk=macosx*]" = 7MZ7Y7JHLP;
				ENABLE_HARDENED_RUNTIME = YES;
				ENABLE_PREVIEWS = YES;
				GENERATE_INFOPLIST_FILE = YES;
				INFOPLIST_FILE = bridge/Info.plist;
				INFOPLIST_KEY_LSUIElement = NO;
				INFOPLIST_KEY_NSBluetoothAlwaysUsageDescription = "This app needs to fondle the airwaves with its Bluetooth tentacles to find your gadgets.";
				INFOPLIST_KEY_NSHumanReadableCopyright = "";
				LD_RUNPATH_SEARCH_PATHS = (
					"$(inherited)",
					"@executable_path/../Frameworks",
				);
				MARKETING_VERSION = 1.0;
				PRODUCT_BUNDLE_IDENTIFIER = mc.bridger;
				PRODUCT_MODULE_NAME = "$(inherited)";
				PRODUCT_NAME = McBridger;
				PROVISIONING_PROFILE_SPECIFIER = "";
				SWIFT_EMIT_LOC_STRINGS = YES;
				SWIFT_VERSION = 5.0;
			};
			name = Release;
		};
		847C33EF2E24017700B265E0 /* Debug */ = {
			isa = XCBuildConfiguration;
			buildSettings = {
				BUNDLE_LOADER = "$(TEST_HOST)";
				"CODE_SIGN_IDENTITY[sdk=macosx*]" = "Apple Development";
				CODE_SIGN_STYLE = Automatic;
				CURRENT_PROJECT_VERSION = 5;
				DEVELOPMENT_TEAM = 7MZ7Y7JHLP;
				GENERATE_INFOPLIST_FILE = YES;
				MACOSX_DEPLOYMENT_TARGET = 14.6;
				MARKETING_VERSION = 1.0;
				PRODUCT_BUNDLE_IDENTIFIER = bridge.bridgeTests;
				PRODUCT_NAME = "$(TARGET_NAME)";
				SWIFT_EMIT_LOC_STRINGS = NO;
				SWIFT_VERSION = 5.0;
				TEST_HOST = "$(BUILT_PRODUCTS_DIR)/bridge.app/$(BUNDLE_EXECUTABLE_FOLDER_PATH)/bridge";
			};
			name = Debug;
		};
		847C33F02E24017700B265E0 /* Release */ = {
			isa = XCBuildConfiguration;
			buildSettings = {
				BUNDLE_LOADER = "$(TEST_HOST)";
				"CODE_SIGN_IDENTITY[sdk=macosx*]" = "Apple Development";
				CODE_SIGN_STYLE = Automatic;
				CURRENT_PROJECT_VERSION = 5;
				DEVELOPMENT_TEAM = 7MZ7Y7JHLP;
				GENERATE_INFOPLIST_FILE = YES;
				MACOSX_DEPLOYMENT_TARGET = 14.6;
				MARKETING_VERSION = 1.0;
				PRODUCT_BUNDLE_IDENTIFIER = bridge.bridgeTests;
				PRODUCT_NAME = "$(TARGET_NAME)";
				SWIFT_EMIT_LOC_STRINGS = NO;
				SWIFT_VERSION = 5.0;
				TEST_HOST = "$(BUILT_PRODUCTS_DIR)/bridge.app/$(BUNDLE_EXECUTABLE_FOLDER_PATH)/bridge";
			};
			name = Release;
		};
		847C33F22E24017700B265E0 /* Debug */ = {
			isa = XCBuildConfiguration;
			buildSettings = {
				CODE_SIGN_STYLE = Automatic;
				CURRENT_PROJECT_VERSION = 5;
				DEVELOPMENT_TEAM = 7MZ7Y7JHLP;
				GENERATE_INFOPLIST_FILE = YES;
				MARKETING_VERSION = 1.0;
				PRODUCT_BUNDLE_IDENTIFIER = bridge.bridgeUITests;
				PRODUCT_NAME = "$(TARGET_NAME)";
				SWIFT_EMIT_LOC_STRINGS = NO;
				SWIFT_VERSION = 5.0;
				TEST_TARGET_NAME = bridge;
			};
			name = Debug;
		};
		847C33F32E24017700B265E0 /* Release */ = {
			isa = XCBuildConfiguration;
			buildSettings = {
				CODE_SIGN_STYLE = Automatic;
				CURRENT_PROJECT_VERSION = 5;
				DEVELOPMENT_TEAM = 7MZ7Y7JHLP;
				GENERATE_INFOPLIST_FILE = YES;
				MARKETING_VERSION = 1.0;
				PRODUCT_BUNDLE_IDENTIFIER = bridge.bridgeUITests;
				PRODUCT_NAME = "$(TARGET_NAME)";
				SWIFT_EMIT_LOC_STRINGS = NO;
				SWIFT_VERSION = 5.0;
				TEST_TARGET_NAME = bridge;
			};
			name = Release;
		};
/* End XCBuildConfiguration section */

/* Begin XCConfigurationList section */
		847C33C12E24017600B265E0 /* Build configuration list for PBXProject "bridge" */ = {
			isa = XCConfigurationList;
			buildConfigurations = (
				847C33E92E24017700B265E0 /* Debug */,
				847C33EA2E24017700B265E0 /* Release */,
			);
			defaultConfigurationIsVisible = 0;
			defaultConfigurationName = Release;
		};
		847C33EB2E24017700B265E0 /* Build configuration list for PBXNativeTarget "bridge" */ = {
			isa = XCConfigurationList;
			buildConfigurations = (
				847C33EC2E24017700B265E0 /* Debug */,
				847C33ED2E24017700B265E0 /* Release */,
			);
			defaultConfigurationIsVisible = 0;
			defaultConfigurationName = Release;
		};
		847C33EE2E24017700B265E0 /* Build configuration list for PBXNativeTarget "bridgeTests" */ = {
			isa = XCConfigurationList;
			buildConfigurations = (
				847C33EF2E24017700B265E0 /* Debug */,
				847C33F02E24017700B265E0 /* Release */,
			);
			defaultConfigurationIsVisible = 0;
			defaultConfigurationName = Release;
		};
		847C33F12E24017700B265E0 /* Build configuration list for PBXNativeTarget "bridgeUITests" */ = {
			isa = XCConfigurationList;
			buildConfigurations = (
				847C33F22E24017700B265E0 /* Debug */,
				847C33F32E24017700B265E0 /* Release */,
			);
			defaultConfigurationIsVisible = 0;
			defaultConfigurationName = Release;
		};
/* End XCConfigurationList section */

/* Begin XCLocalSwiftPackageReference section */
		8AA76B9C2E957E800013FCA6 /* XCLocalSwiftPackageReference "Packages/NotificationService" */ = {
			isa = XCLocalSwiftPackageReference;
			relativePath = Packages/NotificationService;
		};
		8AA76B9F2E957E950013FCA6 /* XCLocalSwiftPackageReference "Packages/ClipboardService" */ = {
			isa = XCLocalSwiftPackageReference;
			relativePath = Packages/ClipboardService;
		};
		8AA76BA22E957EA30013FCA6 /* XCLocalSwiftPackageReference "Packages/BluetoothService" */ = {
			isa = XCLocalSwiftPackageReference;
			relativePath = Packages/BluetoothService;
		};
		8AA76BA52E957EB00013FCA6 /* XCLocalSwiftPackageReference "Packages/CoreModels" */ = {
			isa = XCLocalSwiftPackageReference;
			relativePath = Packages/CoreModels;
		};
/* End XCLocalSwiftPackageReference section */

/* Begin XCSwiftPackageProductDependency section */
		8AA76B9D2E957E800013FCA6 /* NotificationService */ = {
			isa = XCSwiftPackageProductDependency;
			productName = NotificationService;
		};
		8AA76BA02E957E950013FCA6 /* ClipboardService */ = {
			isa = XCSwiftPackageProductDependency;
			productName = ClipboardService;
		};
		8AA76BA32E957EA30013FCA6 /* BluetoothService */ = {
			isa = XCSwiftPackageProductDependency;
			productName = BluetoothService;
		};
		8AA76BA62E957EB00013FCA6 /* CoreModels */ = {
			isa = XCSwiftPackageProductDependency;
			productName = CoreModels;
		};
/* End XCSwiftPackageProductDependency section */
	};
	rootObject = 847C33BE2E24017600B265E0 /* Project object */;
}
